
Microsoft Visual Studio Solution File, Format Version 12.00
Project("{FAE04EC0-301F-11D3-BF4B-00C04F79EFBC}") = "GameClient", "GameClient\GameClient.csproj", "{35CD15A9-65CF-42A9-BD4E-8FA01C19CD2F}"
EndProject
Project("{FAE04EC0-301F-11D3-BF4B-00C04F79EFBC}") = "GameServer", "GameServer\GameServer.csproj", "{6A9C7425-FCF7-4CED-9E49-9E5A425AC97B}"
EndProject
Project("{2150E333-8FDC-42A3-9474-1A3956D46DE8}") = "docs", "docs", "{13389C8D-0016-409F-9C08-F7872C6BD3C9}"
	ProjectSection(SolutionItems) = preProject
		..\..\Downloads\Bozza studio di fattibilita.docx = ..\..\Downloads\Bozza studio di fattibilita.docx
	EndProjectSection
EndProject
Global
	GlobalSection(SolutionConfigurationPlatforms) = preSolution
		Debug|Any CPU = Debug|Any CPU
		Release|Any CPU = Release|Any CPU
	EndGlobalSection
	GlobalSection(ProjectConfigurationPlatforms) = postSolution
		{35CD15A9-65CF-42A9-BD4E-8FA01C19CD2F}.Debug|Any CPU.ActiveCfg = Debug|Any CPU
		{35CD15A9-65CF-42A9-BD4E-8FA01C19CD2F}.Debug|Any CPU.Build.0 = Debug|Any CPU
		{35CD15A9-65CF-42A9-BD4E-8FA01C19CD2F}.Release|Any CPU.ActiveCfg = Release|Any CPU
		{35CD15A9-65CF-42A9-BD4E-8FA01C19CD2F}.Release|Any CPU.Build.0 = Release|Any CPU
		{6A9C7425-FCF7-4CED-9E49-9E5A425AC97B}.Debug|Any CPU.ActiveCfg = Debug|Any CPU
		{6A9C7425-FCF7-4CED-9E49-9E5A425AC97B}.Debug|Any CPU.Build.0 = Debug|Any CPU
		{6A9C7425-FCF7-4CED-9E49-9E5A425AC97B}.Release|Any CPU.ActiveCfg = Release|Any CPU
		{6A9C7425-FCF7-4CED-9E49-9E5A425AC97B}.Release|Any CPU.Build.0 = Release|Any CPU
	EndGlobalSection
EndGlobal
